
Microsoft Visual Studio Solution File, Format Version 12.00
# Visual Studio Version 17
VisualStudioVersion = 17.0.31903.59
MinimumVisualStudioVersion = 10.0.40219.1
Project("{FAE04EC0-301F-11D3-BF4B-00C04F79EFBC}") = "Mootoo.Web", "Mootoo.Web\Mootoo.Web.csproj", "{48F990C8-16F6-4BFC-A69F-B5BC04CDD081}"
EndProject
Project("{FAE04EC0-301F-11D3-BF4B-00C04F79EFBC}") = "Mootoo.Web.Tests", "Mootoo.Web.Tests\Mootoo.Web.Tests.csproj", "{8CD4210A-F31B-8CED-56EC-338DFFF60554}"
EndProject
Global
	GlobalSection(SolutionConfigurationPlatforms) = preSolution
		Debug|Any CPU = Debug|Any CPU
		Debug|x64 = Debug|x64
		Debug|x86 = Debug|x86
		Release|Any CPU = Release|Any CPU
		Release|x64 = Release|x64
		Release|x86 = Release|x86
	EndGlobalSection
	GlobalSection(ProjectConfigurationPlatforms) = postSolution
		{48F990C8-16F6-4BFC-A69F-B5BC04CDD081}.Debug|Any CPU.ActiveCfg = Debug|Any CPU
		{48F990C8-16F6-4BFC-A69F-B5BC04CDD081}.Debug|Any CPU.Build.0 = Debug|Any CPU
		{48F990C8-16F6-4BFC-A69F-B5BC04CDD081}.Debug|x64.ActiveCfg = Debug|Any CPU
		{48F990C8-16F6-4BFC-A69F-B5BC04CDD081}.Debug|x64.Build.0 = Debug|Any CPU
		{48F990C8-16F6-4BFC-A69F-B5BC04CDD081}.Debug|x86.ActiveCfg = Debug|Any CPU
		{48F990C8-16F6-4BFC-A69F-B5BC04CDD081}.Debug|x86.Build.0 = Debug|Any CPU
		{48F990C8-16F6-4BFC-A69F-B5BC04CDD081}.Release|Any CPU.ActiveCfg = Release|Any CPU
		{48F990C8-16F6-4BFC-A69F-B5BC04CDD081}.Release|Any CPU.Build.0 = Release|Any CPU
		{48F990C8-16F6-4BFC-A69F-B5BC04CDD081}.Release|x64.ActiveCfg = Release|Any CPU
		{48F990C8-16F6-4BFC-A69F-B5BC04CDD081}.Release|x64.Build.0 = Release|Any CPU
		{48F990C8-16F6-4BFC-A69F-B5BC04CDD081}.Release|x86.ActiveCfg = Release|Any CPU
		{48F990C8-16F6-4BFC-A69F-B5BC04CDD081}.Release|x86.Build.0 = Release|Any CPU
		{8CD4210A-F31B-8CED-56EC-338DFFF60554}.Debug|Any CPU.ActiveCfg = Debug|Any CPU
		{8CD4210A-F31B-8CED-56EC-338DFFF60554}.Debug|Any CPU.Build.0 = Debug|Any CPU
		{8CD4210A-F31B-8CED-56EC-338DFFF60554}.Debug|x64.ActiveCfg = Debug|Any CPU
		{8CD4210A-F31B-8CED-56EC-338DFFF60554}.Debug|x64.Build.0 = Debug|Any CPU
		{8CD4210A-F31B-8CED-56EC-338DFFF60554}.Debug|x86.ActiveCfg = Debug|Any CPU
		{8CD4210A-F31B-8CED-56EC-338DFFF60554}.Debug|x86.Build.0 = Debug|Any CPU
		{8CD4210A-F31B-8CED-56EC-338DFFF60554}.Release|Any CPU.ActiveCfg = Release|Any CPU
		{8CD4210A-F31B-8CED-56EC-338DFFF60554}.Release|Any CPU.Build.0 = Release|Any CPU
		{8CD4210A-F31B-8CED-56EC-338DFFF60554}.Release|x64.ActiveCfg = Release|Any CPU
		{8CD4210A-F31B-8CED-56EC-338DFFF60554}.Release|x64.Build.0 = Release|Any CPU
		{8CD4210A-F31B-8CED-56EC-338DFFF60554}.Release|x86.ActiveCfg = Release|Any CPU
		{8CD4210A-F31B-8CED-56EC-338DFFF60554}.Release|x86.Build.0 = Release|Any CPU
	EndGlobalSection
	GlobalSection(SolutionProperties) = preSolution
		HideSolutionNode = FALSE
	EndGlobalSection
	GlobalSection(ExtensibilityGlobals) = postSolution
		SolutionGuid = {B3DD123D-6A16-4F6E-BC1B-86109BE6D387}
	EndGlobalSection
EndGlobal
